// !$*UTF8*$!
{
	archiveVersion = 1;
	classes = {
	};
	objectVersion = 50;
	objects = {

/* Begin PBXBuildFile section */
		614430DC21A2BF7E003A7C78 /* FlowersViewController.swift in Sources */ = {isa = PBXBuildFile; fileRef = 614430DB21A2BF7E003A7C78 /* FlowersViewController.swift */; };
		614430DE21A2BFB9003A7C78 /* AddFlowerViewController.swift in Sources */ = {isa = PBXBuildFile; fileRef = 614430DD21A2BFB9003A7C78 /* AddFlowerViewController.swift */; };
		614430E021A2C044003A7C78 /* OrdersTableViewController.swift in Sources */ = {isa = PBXBuildFile; fileRef = 614430DF21A2C044003A7C78 /* OrdersTableViewController.swift */; };
		614430E221A2C07B003A7C78 /* DerveriesTableViewController.swift in Sources */ = {isa = PBXBuildFile; fileRef = 614430E121A2C07B003A7C78 /* DerveriesTableViewController.swift */; };
		6191FB4B21A8371B00A97F28 /* DatabaseManager.swift in Sources */ = {isa = PBXBuildFile; fileRef = 6191FB4821A8371900A97F28 /* DatabaseManager.swift */; };
		6191FB4C21A8371B00A97F28 /* StorageManager.swift in Sources */ = {isa = PBXBuildFile; fileRef = 6191FB4921A8371A00A97F28 /* StorageManager.swift */; };
		6191FB4D21A8371B00A97F28 /* AuthManager.swift in Sources */ = {isa = PBXBuildFile; fileRef = 6191FB4A21A8371B00A97F28 /* AuthManager.swift */; };
		6191FB5121A8374900A97F28 /* Extensions.swift in Sources */ = {isa = PBXBuildFile; fileRef = 6191FB4F21A8374800A97F28 /* Extensions.swift */; };
		6191FB5221A8374900A97F28 /* Constants.swift in Sources */ = {isa = PBXBuildFile; fileRef = 6191FB5021A8374900A97F28 /* Constants.swift */; };
		6191FB5421A83ACF00A97F28 /* FlowerTableViewCell.swift in Sources */ = {isa = PBXBuildFile; fileRef = 6191FB5321A83ACF00A97F28 /* FlowerTableViewCell.swift */; };
		6191FB5621A84B4F00A97F28 /* GoogleService-Info.plist in Resources */ = {isa = PBXBuildFile; fileRef = 6191FB5521A84B4F00A97F28 /* GoogleService-Info.plist */; };
		61C4BAAC21AE970D000834DB /* RoundedButton.swift in Sources */ = {isa = PBXBuildFile; fileRef = 61C4BAAB21AE970D000834DB /* RoundedButton.swift */; };
		61D486B8218B51DF0054F53F /* AppDelegate.swift in Sources */ = {isa = PBXBuildFile; fileRef = 61D486B7218B51DF0054F53F /* AppDelegate.swift */; };
		61D486BD218B51DF0054F53F /* Main.storyboard in Resources */ = {isa = PBXBuildFile; fileRef = 61D486BB218B51DF0054F53F /* Main.storyboard */; };
		61D486BF218B51E20054F53F /* Assets.xcassets in Resources */ = {isa = PBXBuildFile; fileRef = 61D486BE218B51E20054F53F /* Assets.xcassets */; };
		61D486C2218B51E20054F53F /* LaunchScreen.storyboard in Resources */ = {isa = PBXBuildFile; fileRef = 61D486C0218B51E20054F53F /* LaunchScreen.storyboard */; };
		958005BE12B687D02505D49E /* Pods_FlowerServerApp.framework in Frameworks */ = {isa = PBXBuildFile; fileRef = 98E732BE3E054D57DE559B33 /* Pods_FlowerServerApp.framework */; };
/* End PBXBuildFile section */

/* Begin PBXFileReference section */
		1C6A37728AAB114AEEBE5D66 /* Pods-FlowerServerApp.debug.xcconfig */ = {isa = PBXFileReference; includeInIndex = 1; lastKnownFileType = text.xcconfig; name = "Pods-FlowerServerApp.debug.xcconfig"; path = "Pods/Target Support Files/Pods-FlowerServerApp/Pods-FlowerServerApp.debug.xcconfig"; sourceTree = "<group>"; };
		614430DB21A2BF7E003A7C78 /* FlowersViewController.swift */ = {isa = PBXFileReference; lastKnownFileType = sourcecode.swift; path = FlowersViewController.swift; sourceTree = "<group>"; };
		614430DD21A2BFB9003A7C78 /* AddFlowerViewController.swift */ = {isa = PBXFileReference; lastKnownFileType = sourcecode.swift; path = AddFlowerViewController.swift; sourceTree = "<group>"; };
		614430DF21A2C044003A7C78 /* OrdersTableViewController.swift */ = {isa = PBXFileReference; lastKnownFileType = sourcecode.swift; path = OrdersTableViewController.swift; sourceTree = "<group>"; };
		614430E121A2C07B003A7C78 /* DerveriesTableViewController.swift */ = {isa = PBXFileReference; lastKnownFileType = sourcecode.swift; path = DerveriesTableViewController.swift; sourceTree = "<group>"; };
		6191FB4621A836F100A97F28 /* NABILA.TTF */ = {isa = PBXFileReference; lastKnownFileType = file; path = NABILA.TTF; sourceTree = "<group>"; };
		6191FB4821A8371900A97F28 /* DatabaseManager.swift */ = {isa = PBXFileReference; fileEncoding = 4; lastKnownFileType = sourcecode.swift; path = DatabaseManager.swift; sourceTree = "<group>"; };
		6191FB4921A8371A00A97F28 /* StorageManager.swift */ = {isa = PBXFileReference; fileEncoding = 4; lastKnownFileType = sourcecode.swift; path = StorageManager.swift; sourceTree = "<group>"; };
		6191FB4A21A8371B00A97F28 /* AuthManager.swift */ = {isa = PBXFileReference; fileEncoding = 4; lastKnownFileType = sourcecode.swift; path = AuthManager.swift; sourceTree = "<group>"; };
		6191FB4F21A8374800A97F28 /* Extensions.swift */ = {isa = PBXFileReference; fileEncoding = 4; lastKnownFileType = sourcecode.swift; path = Extensions.swift; sourceTree = "<group>"; };
		6191FB5021A8374900A97F28 /* Constants.swift */ = {isa = PBXFileReference; fileEncoding = 4; lastKnownFileType = sourcecode.swift; path = Constants.swift; sourceTree = "<group>"; };
		6191FB5321A83ACF00A97F28 /* FlowerTableViewCell.swift */ = {isa = PBXFileReference; lastKnownFileType = sourcecode.swift; path = FlowerTableViewCell.swift; sourceTree = "<group>"; };
		6191FB5521A84B4F00A97F28 /* GoogleService-Info.plist */ = {isa = PBXFileReference; fileEncoding = 4; lastKnownFileType = text.plist.xml; path = "GoogleService-Info.plist"; sourceTree = "<group>"; };
		61C4BAAB21AE970D000834DB /* RoundedButton.swift */ = {isa = PBXFileReference; lastKnownFileType = sourcecode.swift; path = RoundedButton.swift; sourceTree = "<group>"; };
		61D486B4218B51DF0054F53F /* FlowerServerApp.app */ = {isa = PBXFileReference; explicitFileType = wrapper.application; includeInIndex = 0; path = FlowerServerApp.app; sourceTree = BUILT_PRODUCTS_DIR; };
		61D486B7218B51DF0054F53F /* AppDelegate.swift */ = {isa = PBXFileReference; lastKnownFileType = sourcecode.swift; path = AppDelegate.swift; sourceTree = "<group>"; };
		61D486BC218B51DF0054F53F /* Base */ = {isa = PBXFileReference; lastKnownFileType = file.storyboard; name = Base; path = Base.lproj/Main.storyboard; sourceTree = "<group>"; };
		61D486BE218B51E20054F53F /* Assets.xcassets */ = {isa = PBXFileReference; lastKnownFileType = folder.assetcatalog; path = Assets.xcassets; sourceTree = "<group>"; };
		61D486C1218B51E20054F53F /* Base */ = {isa = PBXFileReference; lastKnownFileType = file.storyboard; name = Base; path = Base.lproj/LaunchScreen.storyboard; sourceTree = "<group>"; };
		61D486C3218B51E20054F53F /* Info.plist */ = {isa = PBXFileReference; lastKnownFileType = text.plist.xml; path = Info.plist; sourceTree = "<group>"; };
		8EFB8CE5C738C150C0721943 /* Pods-FlowerServerApp.release.xcconfig */ = {isa = PBXFileReference; includeInIndex = 1; lastKnownFileType = text.xcconfig; name = "Pods-FlowerServerApp.release.xcconfig"; path = "Pods/Target Support Files/Pods-FlowerServerApp/Pods-FlowerServerApp.release.xcconfig"; sourceTree = "<group>"; };
		98E732BE3E054D57DE559B33 /* Pods_FlowerServerApp.framework */ = {isa = PBXFileReference; explicitFileType = wrapper.framework; includeInIndex = 0; path = Pods_FlowerServerApp.framework; sourceTree = BUILT_PRODUCTS_DIR; };
/* End PBXFileReference section */

/* Begin PBXFrameworksBuildPhase section */
		61D486B1218B51DF0054F53F /* Frameworks */ = {
			isa = PBXFrameworksBuildPhase;
			buildActionMask = 2147483647;
			files = (
				958005BE12B687D02505D49E /* Pods_FlowerServerApp.framework in Frameworks */,
			);
			runOnlyForDeploymentPostprocessing = 0;
		};
/* End PBXFrameworksBuildPhase section */

/* Begin PBXGroup section */
		5E442B63892ECDC1546DC8CA /* Pods */ = {
			isa = PBXGroup;
			children = (
				1C6A37728AAB114AEEBE5D66 /* Pods-FlowerServerApp.debug.xcconfig */,
				8EFB8CE5C738C150C0721943 /* Pods-FlowerServerApp.release.xcconfig */,
			);
			name = Pods;
			sourceTree = "<group>";
		};
		614430DA21A2BF30003A7C78 /* views */ = {
			isa = PBXGroup;
			children = (
				61C4BAAD21AE99C2000834DB /* VC */,
				6191FB5321A83ACF00A97F28 /* FlowerTableViewCell.swift */,
				61C4BAAB21AE970D000834DB /* RoundedButton.swift */,
			);
			path = views;
			sourceTree = "<group>";
		};
		6191FB4521A836DA00A97F28 /* fonts */ = {
			isa = PBXGroup;
			children = (
				6191FB4621A836F100A97F28 /* NABILA.TTF */,
			);
			path = fonts;
			sourceTree = "<group>";
		};
		6191FB4721A836FB00A97F28 /* Model */ = {
			isa = PBXGroup;
			children = (
				6191FB4A21A8371B00A97F28 /* AuthManager.swift */,
				6191FB4821A8371900A97F28 /* DatabaseManager.swift */,
				6191FB4921A8371A00A97F28 /* StorageManager.swift */,
			);
			path = Model;
			sourceTree = "<group>";
		};
		6191FB4E21A8373400A97F28 /* Supporting Files */ = {
			isa = PBXGroup;
			children = (
				6191FB5021A8374900A97F28 /* Constants.swift */,
				6191FB4F21A8374800A97F28 /* Extensions.swift */,
			);
			path = "Supporting Files";
			sourceTree = "<group>";
		};
		61C4BAAD21AE99C2000834DB /* VC */ = {
			isa = PBXGroup;
			children = (
				614430DB21A2BF7E003A7C78 /* FlowersViewController.swift */,
				614430DD21A2BFB9003A7C78 /* AddFlowerViewController.swift */,
				614430DF21A2C044003A7C78 /* OrdersTableViewController.swift */,
				614430E121A2C07B003A7C78 /* DerveriesTableViewController.swift */,
			);
			path = VC;
			sourceTree = "<group>";
		};
		61D486AB218B51DF0054F53F = {
			isa = PBXGroup;
			children = (
				61D486B6218B51DF0054F53F /* FlowerServerApp */,
				6191FB5521A84B4F00A97F28 /* GoogleService-Info.plist */,
				61D486B5218B51DF0054F53F /* Products */,
				5E442B63892ECDC1546DC8CA /* Pods */,
				D506C13BBCFC415ACB5456BE /* Frameworks */,
			);
			sourceTree = "<group>";
		};
		61D486B5218B51DF0054F53F /* Products */ = {
			isa = PBXGroup;
			children = (
				61D486B4218B51DF0054F53F /* FlowerServerApp.app */,
			);
			name = Products;
			sourceTree = "<group>";
		};
		61D486B6218B51DF0054F53F /* FlowerServerApp */ = {
			isa = PBXGroup;
			children = (
				61D486BB218B51DF0054F53F /* Main.storyboard */,
				614430DA21A2BF30003A7C78 /* views */,
				6191FB4721A836FB00A97F28 /* Model */,
				6191FB4521A836DA00A97F28 /* fonts */,
				6191FB4E21A8373400A97F28 /* Supporting Files */,
				61F09FE5219174720081C027 /* App */,
			);
			path = FlowerServerApp;
			sourceTree = "<group>";
		};
		61F09FE5219174720081C027 /* App */ = {
			isa = PBXGroup;
			children = (
				61D486BE218B51E20054F53F /* Assets.xcassets */,
				61D486C0218B51E20054F53F /* LaunchScreen.storyboard */,
				61D486C3218B51E20054F53F /* Info.plist */,
				61D486B7218B51DF0054F53F /* AppDelegate.swift */,
			);
			path = App;
			sourceTree = "<group>";
		};
		D506C13BBCFC415ACB5456BE /* Frameworks */ = {
			isa = PBXGroup;
			children = (
				98E732BE3E054D57DE559B33 /* Pods_FlowerServerApp.framework */,
			);
			name = Frameworks;
			sourceTree = "<group>";
		};
/* End PBXGroup section */

/* Begin PBXNativeTarget section */
		61D486B3218B51DF0054F53F /* FlowerServerApp */ = {
			isa = PBXNativeTarget;
			buildConfigurationList = 61D486C6218B51E20054F53F /* Build configuration list for PBXNativeTarget "FlowerServerApp" */;
			buildPhases = (
				826E91C35A24EEADCA0BFC6D /* [CP] Check Pods Manifest.lock */,
				61D486B0218B51DF0054F53F /* Sources */,
				61D486B1218B51DF0054F53F /* Frameworks */,
				61D486B2218B51DF0054F53F /* Resources */,
				8D3BEFF4D22980C20500D955 /* [CP] Embed Pods Frameworks */,
			);
			buildRules = (
			);
			dependencies = (
			);
			name = FlowerServerApp;
			productName = FlowerServerApp;
			productReference = 61D486B4218B51DF0054F53F /* FlowerServerApp.app */;
			productType = "com.apple.product-type.application";
		};
/* End PBXNativeTarget section */

/* Begin PBXProject section */
		61D486AC218B51DF0054F53F /* Project object */ = {
			isa = PBXProject;
			attributes = {
				LastSwiftUpdateCheck = 0940;
				LastUpgradeCheck = 0940;
				ORGANIZATIONNAME = "Mostafa AbdEl Fatah";
				TargetAttributes = {
					61D486B3218B51DF0054F53F = {
						CreatedOnToolsVersion = 9.4.1;
					};
				};
			};
			buildConfigurationList = 61D486AF218B51DF0054F53F /* Build configuration list for PBXProject "FlowerServerApp" */;
			compatibilityVersion = "Xcode 9.3";
			developmentRegion = en;
			hasScannedForEncodings = 0;
			knownRegions = (
				en,
				Base,
			);
			mainGroup = 61D486AB218B51DF0054F53F;
			productRefGroup = 61D486B5218B51DF0054F53F /* Products */;
			projectDirPath = "";
			projectRoot = "";
			targets = (
				61D486B3218B51DF0054F53F /* FlowerServerApp */,
			);
		};
/* End PBXProject section */

/* Begin PBXResourcesBuildPhase section */
		61D486B2218B51DF0054F53F /* Resources */ = {
			isa = PBXResourcesBuildPhase;
			buildActionMask = 2147483647;
			files = (
				61D486C2218B51E20054F53F /* LaunchScreen.storyboard in Resources */,
				6191FB5621A84B4F00A97F28 /* GoogleService-Info.plist in Resources */,
				61D486BF218B51E20054F53F /* Assets.xcassets in Resources */,
				61D486BD218B51DF0054F53F /* Main.storyboard in Resources */,
			);
			runOnlyForDeploymentPostprocessing = 0;
		};
/* End PBXResourcesBuildPhase section */

/* Begin PBXShellScriptBuildPhase section */
		826E91C35A24EEADCA0BFC6D /* [CP] Check Pods Manifest.lock */ = {
			isa = PBXShellScriptBuildPhase;
			buildActionMask = 2147483647;
			files = (
			);
			inputPaths = (
				"${PODS_PODFILE_DIR_PATH}/Podfile.lock",
				"${PODS_ROOT}/Manifest.lock",
			);
			name = "[CP] Check Pods Manifest.lock";
			outputPaths = (
				"$(DERIVED_FILE_DIR)/Pods-FlowerServerApp-checkManifestLockResult.txt",
			);
			runOnlyForDeploymentPostprocessing = 0;
			shellPath = /bin/sh;
			shellScript = "diff \"${PODS_PODFILE_DIR_PATH}/Podfile.lock\" \"${PODS_ROOT}/Manifest.lock\" > /dev/null\nif [ $? != 0 ] ; then\n    # print error to STDERR\n    echo \"error: The sandbox is not in sync with the Podfile.lock. Run 'pod install' or update your CocoaPods installation.\" >&2\n    exit 1\nfi\n# This output is used by Xcode 'outputs' to avoid re-running this script phase.\necho \"SUCCESS\" > \"${SCRIPT_OUTPUT_FILE_0}\"\n";
			showEnvVarsInLog = 0;
		};
		8D3BEFF4D22980C20500D955 /* [CP] Embed Pods Frameworks */ = {
			isa = PBXShellScriptBuildPhase;
			buildActionMask = 2147483647;
			files = (
			);
			inputPaths = (
				"${SRCROOT}/Pods/Target Support Files/Pods-FlowerServerApp/Pods-FlowerServerApp-frameworks.sh",
				"${BUILT_PRODUCTS_DIR}/GTMSessionFetcher/GTMSessionFetcher.framework",
				"${BUILT_PRODUCTS_DIR}/GoogleUtilities/GoogleUtilities.framework",
				"${BUILT_PRODUCTS_DIR}/Protobuf/Protobuf.framework",
				"${BUILT_PRODUCTS_DIR}/SDWebImage/SDWebImage.framework",
				"${BUILT_PRODUCTS_DIR}/leveldb-library/leveldb.framework",
				"${BUILT_PRODUCTS_DIR}/nanopb/nanopb.framework",
			);
			name = "[CP] Embed Pods Frameworks";
			outputPaths = (
				"${TARGET_BUILD_DIR}/${FRAMEWORKS_FOLDER_PATH}/GTMSessionFetcher.framework",
				"${TARGET_BUILD_DIR}/${FRAMEWORKS_FOLDER_PATH}/GoogleUtilities.framework",
				"${TARGET_BUILD_DIR}/${FRAMEWORKS_FOLDER_PATH}/Protobuf.framework",
				"${TARGET_BUILD_DIR}/${FRAMEWORKS_FOLDER_PATH}/SDWebImage.framework",
				"${TARGET_BUILD_DIR}/${FRAMEWORKS_FOLDER_PATH}/leveldb.framework",
				"${TARGET_BUILD_DIR}/${FRAMEWORKS_FOLDER_PATH}/nanopb.framework",
			);
			runOnlyForDeploymentPostprocessing = 0;
			shellPath = /bin/sh;
			shellScript = "\"${SRCROOT}/Pods/Target Support Files/Pods-FlowerServerApp/Pods-FlowerServerApp-frameworks.sh\"\n";
			showEnvVarsInLog = 0;
		};
/* End PBXShellScriptBuildPhase section */

/* Begin PBXSourcesBuildPhase section */
		61D486B0218B51DF0054F53F /* Sources */ = {
			isa = PBXSourcesBuildPhase;
			buildActionMask = 2147483647;
			files = (
				6191FB5421A83ACF00A97F28 /* FlowerTableViewCell.swift in Sources */,
				614430E021A2C044003A7C78 /* OrdersTableViewController.swift in Sources */,
				6191FB5121A8374900A97F28 /* Extensions.swift in Sources */,
				6191FB4D21A8371B00A97F28 /* AuthManager.swift in Sources */,
				61D486B8218B51DF0054F53F /* AppDelegate.swift in Sources */,
				6191FB4B21A8371B00A97F28 /* DatabaseManager.swift in Sources */,
				6191FB5221A8374900A97F28 /* Constants.swift in Sources */,
				61C4BAAC21AE970D000834DB /* RoundedButton.swift in Sources */,
				6191FB4C21A8371B00A97F28 /* StorageManager.swift in Sources */,
				614430E221A2C07B003A7C78 /* DerveriesTableViewController.swift in Sources */,
				614430DE21A2BFB9003A7C78 /* AddFlowerViewController.swift in Sources */,
				614430DC21A2BF7E003A7C78 /* FlowersViewController.swift in Sources */,
			);
			runOnlyForDeploymentPostprocessing = 0;
		};
/* End PBXSourcesBuildPhase section */

/* Begin PBXVariantGroup section */
		61D486BB218B51DF0054F53F /* Main.storyboard */ = {
			isa = PBXVariantGroup;
			children = (
				61D486BC218B51DF0054F53F /* Base */,
			);
			name = Main.storyboard;
			sourceTree = "<group>";
		};
		61D486C0218B51E20054F53F /* LaunchScreen.storyboard */ = {
			isa = PBXVariantGroup;
			children = (
				61D486C1218B51E20054F53F /* Base */,
			);
			name = LaunchScreen.storyboard;
			sourceTree = "<group>";
		};
/* End PBXVariantGroup section */

/* Begin XCBuildConfiguration section */
		61D486C4218B51E20054F53F /* Debug */ = {
			isa = XCBuildConfiguration;
			buildSettings = {
				ALWAYS_SEARCH_USER_PATHS = NO;
				CLANG_ANALYZER_NONNULL = YES;
				CLANG_ANALYZER_NUMBER_OBJECT_CONVERSION = YES_AGGRESSIVE;
				CLANG_CXX_LANGUAGE_STANDARD = "gnu++14";
				CLANG_CXX_LIBRARY = "libc++";
				CLANG_ENABLE_MODULES = YES;
				CLANG_ENABLE_OBJC_ARC = YES;
				CLANG_ENABLE_OBJC_WEAK = YES;
				CLANG_WARN_BLOCK_CAPTURE_AUTORELEASING = YES;
				CLANG_WARN_BOOL_CONVERSION = YES;
				CLANG_WARN_COMMA = YES;
				CLANG_WARN_CONSTANT_CONVERSION = YES;
				CLANG_WARN_DEPRECATED_OBJC_IMPLEMENTATIONS = YES;
				CLANG_WARN_DIRECT_OBJC_ISA_USAGE = YES_ERROR;
				CLANG_WARN_DOCUMENTATION_COMMENTS = YES;
				CLANG_WARN_EMPTY_BODY = YES;
				CLANG_WARN_ENUM_CONVERSION = YES;
				CLANG_WARN_INFINITE_RECURSION = YES;
				CLANG_WARN_INT_CONVERSION = YES;
				CLANG_WARN_NON_LITERAL_NULL_CONVERSION = YES;
				CLANG_WARN_OBJC_IMPLICIT_RETAIN_SELF = YES;
				CLANG_WARN_OBJC_LITERAL_CONVERSION = YES;
				CLANG_WARN_OBJC_ROOT_CLASS = YES_ERROR;
				CLANG_WARN_RANGE_LOOP_ANALYSIS = YES;
				CLANG_WARN_STRICT_PROTOTYPES = YES;
				CLANG_WARN_SUSPICIOUS_MOVE = YES;
				CLANG_WARN_UNGUARDED_AVAILABILITY = YES_AGGRESSIVE;
				CLANG_WARN_UNREACHABLE_CODE = YES;
				CLANG_WARN__DUPLICATE_METHOD_MATCH = YES;
				CODE_SIGN_IDENTITY = "iPhone Developer";
				COPY_PHASE_STRIP = NO;
				DEBUG_INFORMATION_FORMAT = dwarf;
				ENABLE_STRICT_OBJC_MSGSEND = YES;
				ENABLE_TESTABILITY = YES;
				GCC_C_LANGUAGE_STANDARD = gnu11;
				GCC_DYNAMIC_NO_PIC = NO;
				GCC_NO_COMMON_BLOCKS = YES;
				GCC_OPTIMIZATION_LEVEL = 0;
				GCC_PREPROCESSOR_DEFINITIONS = (
					"DEBUG=1",
					"$(inherited)",
				);
				GCC_WARN_64_TO_32_BIT_CONVERSION = YES;
				GCC_WARN_ABOUT_RETURN_TYPE = YES_ERROR;
				GCC_WARN_UNDECLARED_SELECTOR = YES;
				GCC_WARN_UNINITIALIZED_AUTOS = YES_AGGRESSIVE;
				GCC_WARN_UNUSED_FUNCTION = YES;
				GCC_WARN_UNUSED_VARIABLE = YES;
				IPHONEOS_DEPLOYMENT_TARGET = 11.4;
				MTL_ENABLE_DEBUG_INFO = YES;
				ONLY_ACTIVE_ARCH = YES;
				SDKROOT = iphoneos;
				SWIFT_ACTIVE_COMPILATION_CONDITIONS = DEBUG;
				SWIFT_OPTIMIZATION_LEVEL = "-Onone";
			};
			name = Debug;
		};
		61D486C5218B51E20054F53F /* Release */ = {
			isa = XCBuildConfiguration;
			buildSettings = {
				ALWAYS_SEARCH_USER_PATHS = NO;
				CLANG_ANALYZER_NONNULL = YES;
				CLANG_ANALYZER_NUMBER_OBJECT_CONVERSION = YES_AGGRESSIVE;
				CLANG_CXX_LANGUAGE_STANDARD = "gnu++14";
				CLANG_CXX_LIBRARY = "libc++";
				CLANG_ENABLE_MODULES = YES;
				CLANG_ENABLE_OBJC_ARC = YES;
				CLANG_ENABLE_OBJC_WEAK = YES;
				CLANG_WARN_BLOCK_CAPTURE_AUTORELEASING = YES;
				CLANG_WARN_BOOL_CONVERSION = YES;
				CLANG_WARN_COMMA = YES;
				CLANG_WARN_CONSTANT_CONVERSION = YES;
				CLANG_WARN_DEPRECATED_OBJC_IMPLEMENTATIONS = YES;
				CLANG_WARN_DIRECT_OBJC_ISA_USAGE = YES_ERROR;
				CLANG_WARN_DOCUMENTATION_COMMENTS = YES;
				CLANG_WARN_EMPTY_BODY = YES;
				CLANG_WARN_ENUM_CONVERSION = YES;
				CLANG_WARN_INFINITE_RECURSION = YES;
				CLANG_WARN_INT_CONVERSION = YES;
				CLANG_WARN_NON_LITERAL_NULL_CONVERSION = YES;
				CLANG_WARN_OBJC_IMPLICIT_RETAIN_SELF = YES;
				CLANG_WARN_OBJC_LITERAL_CONVERSION = YES;
				CLANG_WARN_OBJC_ROOT_CLASS = YES_ERROR;
				CLANG_WARN_RANGE_LOOP_ANALYSIS = YES;
				CLANG_WARN_STRICT_PROTOTYPES = YES;
				CLANG_WARN_SUSPICIOUS_MOVE = YES;
				CLANG_WARN_UNGUARDED_AVAILABILITY = YES_AGGRESSIVE;
				CLANG_WARN_UNREACHABLE_CODE = YES;
				CLANG_WARN__DUPLICATE_METHOD_MATCH = YES;
				CODE_SIGN_IDENTITY = "iPhone Developer";
				COPY_PHASE_STRIP = NO;
				DEBUG_INFORMATION_FORMAT = "dwarf-with-dsym";
				ENABLE_NS_ASSERTIONS = NO;
				ENABLE_STRICT_OBJC_MSGSEND = YES;
				GCC_C_LANGUAGE_STANDARD = gnu11;
				GCC_NO_COMMON_BLOCKS = YES;
				GCC_WARN_64_TO_32_BIT_CONVERSION = YES;
				GCC_WARN_ABOUT_RETURN_TYPE = YES_ERROR;
				GCC_WARN_UNDECLARED_SELECTOR = YES;
				GCC_WARN_UNINITIALIZED_AUTOS = YES_AGGRESSIVE;
				GCC_WARN_UNUSED_FUNCTION = YES;
				GCC_WARN_UNUSED_VARIABLE = YES;
				IPHONEOS_DEPLOYMENT_TARGET = 11.4;
				MTL_ENABLE_DEBUG_INFO = NO;
				SDKROOT = iphoneos;
				SWIFT_COMPILATION_MODE = wholemodule;
				SWIFT_OPTIMIZATION_LEVEL = "-O";
				VALIDATE_PRODUCT = YES;
			};
			name = Release;
		};
		61D486C7218B51E20054F53F /* Debug */ = {
			isa = XCBuildConfiguration;
			baseConfigurationReference = 1C6A37728AAB114AEEBE5D66 /* Pods-FlowerServerApp.debug.xcconfig */;
			buildSettings = {
				ASSETCATALOG_COMPILER_APPICON_NAME = AppIcon;
				CODE_SIGN_STYLE = Automatic;
				DEVELOPMENT_TEAM = 7RUAWVV6JN;
				INFOPLIST_FILE = "$(SRCROOT)/FlowerServerApp/App/Info.plist";
				LD_RUNPATH_SEARCH_PATHS = (
					"$(inherited)",
					"@executable_path/Frameworks",
				);
				PRODUCT_BUNDLE_IDENTIFIER = com.mostafa.fci.test.FlowerServerApp;
				PRODUCT_NAME = "$(TARGET_NAME)";
				SWIFT_VERSION = 4.0;
				TARGETED_DEVICE_FAMILY = "1,2";
			};
			name = Debug;
		};
		61D486C8218B51E20054F53F /* Release */ = {
			isa = XCBuildConfiguration;
			baseConfigurationReference = 8EFB8CE5C738C150C0721943 /* Pods-FlowerServerApp.release.xcconfig */;
			buildSettings = {
				ASSETCATALOG_COMPILER_APPICON_NAME = AppIcon;
				CODE_SIGN_STYLE = Automatic;
				DEVELOPMENT_TEAM = 7RUAWVV6JN;
				INFOPLIST_FILE = "$(SRCROOT)/FlowerServerApp/App/Info.plist";
				LD_RUNPATH_SEARCH_PATHS = (
					"$(inherited)",
					"@executable_path/Frameworks",
				);
				PRODUCT_BUNDLE_IDENTIFIER = com.mostafa.fci.test.FlowerServerApp;
				PRODUCT_NAME = "$(TARGET_NAME)";
				SWIFT_VERSION = 4.0;
				TARGETED_DEVICE_FAMILY = "1,2";
			};
			name = Release;
		};
/* End XCBuildConfiguration section */

/* Begin XCConfigurationList section */
		61D486AF218B51DF0054F53F /* Build configuration list for PBXProject "FlowerServerApp" */ = {
			isa = XCConfigurationList;
			buildConfigurations = (
				61D486C4218B51E20054F53F /* Debug */,
				61D486C5218B51E20054F53F /* Release */,
			);
			defaultConfigurationIsVisible = 0;
			defaultConfigurationName = Release;
		};
		61D486C6218B51E20054F53F /* Build configuration list for PBXNativeTarget "FlowerServerApp" */ = {
			isa = XCConfigurationList;
			buildConfigurations = (
				61D486C7218B51E20054F53F /* Debug */,
				61D486C8218B51E20054F53F /* Release */,
			);
			defaultConfigurationIsVisible = 0;
			defaultConfigurationName = Release;
		};
/* End XCConfigurationList section */
	};
	rootObject = 61D486AC218B51DF0054F53F /* Project object */;
}
